
Microsoft Visual Studio Solution File, Format Version 12.00
# Visual Studio 2012
Project("{8BC9CEB8-8B4A-11D0-8D11-00A0C91BC942}") = "Registry", "Registry\Registry.vcxproj", "{23780E10-ECA0-47F8-9435-13DF944A04C1}"
EndProject
Project("{2150E333-8FDC-42A3-9474-1A3956D46DE8}") = "Prototypes", "Prototypes", "{4A8EDFE7-A36C-4B1A-87F1-B77775D039F2}"
EndProject
Project("{8BC9CEB8-8B4A-11D0-8D11-00A0C91BC942}") = "ListValues", "Registry\Test\ListValues\ListValues.vcxproj", "{A376CF64-915C-4109-8698-17B1FF068744}"
EndProject
Project("{8BC9CEB8-8B4A-11D0-8D11-00A0C91BC942}") = "ReadValues", "Registry\Test\ReadValues\ReadValues.vcxproj", "{C59E78BA-9515-411B-96B9-E6FD311D77EE}"
EndProject
Global
	GlobalSection(SolutionConfigurationPlatforms) = preSolution
		Debug|Win32 = Debug|Win32
		Release|Win32 = Release|Win32
	EndGlobalSection
	GlobalSection(ProjectConfigurationPlatforms) = postSolution
		{23780E10-ECA0-47F8-9435-13DF944A04C1}.Debug|Win32.ActiveCfg = Debug|Win32
		{23780E10-ECA0-47F8-9435-13DF944A04C1}.Debug|Win32.Build.0 = Debug|Win32
		{23780E10-ECA0-47F8-9435-13DF944A04C1}.Release|Win32.ActiveCfg = Release|Win32
		{23780E10-ECA0-47F8-9435-13DF944A04C1}.Release|Win32.Build.0 = Release|Win32
		{A376CF64-915C-4109-8698-17B1FF068744}.Debug|Win32.ActiveCfg = Debug|Win32
		{A376CF64-915C-4109-8698-17B1FF068744}.Debug|Win32.Build.0 = Debug|Win32
		{A376CF64-915C-4109-8698-17B1FF068744}.Release|Win32.ActiveCfg = Release|Win32
		{A376CF64-915C-4109-8698-17B1FF068744}.Release|Win32.Build.0 = Release|Win32
		{C59E78BA-9515-411B-96B9-E6FD311D77EE}.Debug|Win32.ActiveCfg = Debug|Win32
		{C59E78BA-9515-411B-96B9-E6FD311D77EE}.Debug|Win32.Build.0 = Debug|Win32
		{C59E78BA-9515-411B-96B9-E6FD311D77EE}.Release|Win32.ActiveCfg = Release|Win32
		{C59E78BA-9515-411B-96B9-E6FD311D77EE}.Release|Win32.Build.0 = Release|Win32
	EndGlobalSection
	GlobalSection(SolutionProperties) = preSolution
		HideSolutionNode = FALSE
	EndGlobalSection
	GlobalSection(NestedProjects) = preSolution
		{A376CF64-915C-4109-8698-17B1FF068744} = {4A8EDFE7-A36C-4B1A-87F1-B77775D039F2}
		{C59E78BA-9515-411B-96B9-E6FD311D77EE} = {4A8EDFE7-A36C-4B1A-87F1-B77775D039F2}
	EndGlobalSection
EndGlobal
